
Microsoft Visual Studio Solution File, Format Version 12.00
# Visual Studio Version 17
VisualStudioVersion = 17.9.34728.123
MinimumVisualStudioVersion = 10.0.40219.1
Project("{9A19103F-16F7-4668-BE54-9A1E7A4F7556}") = "WebApplication2", "WebApplication2.csproj", "{ACF8394B-413B-49D2-B39B-71289424B34A}"
EndProject
Global
	GlobalSection(SolutionConfigurationPlatforms) = preSolution
		Debug|Any CPU = Debug|Any CPU
		Release|Any CPU = Release|Any CPU
	EndGlobalSection
	GlobalSection(ProjectConfigurationPlatforms) = postSolution
		{ACF8394B-413B-49D2-B39B-71289424B34A}.Debug|Any CPU.ActiveCfg = Debug|Any CPU
		{ACF8394B-413B-49D2-B39B-71289424B34A}.Debug|Any CPU.Build.0 = Debug|Any CPU
		{ACF8394B-413B-49D2-B39B-71289424B34A}.Release|Any CPU.ActiveCfg = Release|Any CPU
		{ACF8394B-413B-49D2-B39B-71289424B34A}.Release|Any CPU.Build.0 = Release|Any CPU
	EndGlobalSection
	GlobalSection(SolutionProperties) = preSolution
		HideSolutionNode = FALSE
	EndGlobalSection
	GlobalSection(ExtensibilityGlobals) = postSolution
		SolutionGuid = {8A6142B5-4ADB-4170-944C-D9AA9E6A0424}
	EndGlobalSection
EndGlobal
